// !$*UTF8*$!
{
	archiveVersion = 1;
	classes = {
	};
	objectVersion = 46;
	objects = {

/* Begin PBXBuildFile section */
		03B61A9E599E4F1C9571BC1A /* libPods.a in Frameworks */ = {isa = PBXBuildFile; fileRef = 2CE04679DB134EF0ABD1C219 /* libPods.a */; settings = {ATTRIBUTES = (Required, ); }; };
		778CA90E18E4C99A0057C631 /* MeterView.m in Sources */ = {isa = PBXBuildFile; fileRef = 778CA90D18E4C99A0057C631 /* MeterView.m */; };
		778CA91118E4E5240057C631 /* BadgeView.m in Sources */ = {isa = PBXBuildFile; fileRef = 778CA91018E4E5240057C631 /* BadgeView.m */; };
		778CA91418E501990057C631 /* AnnotationPoint.m in Sources */ = {isa = PBXBuildFile; fileRef = 778CA91318E501990057C631 /* AnnotationPoint.m */; };
		778CA91718E502DA0057C631 /* AnnotationPointFactory.m in Sources */ = {isa = PBXBuildFile; fileRef = 778CA91618E502DA0057C631 /* AnnotationPointFactory.m */; };
		83945BC018E1BAE600C0837E /* MapBoxViewController.m in Sources */ = {isa = PBXBuildFile; fileRef = 83945BBF18E1BAE600C0837E /* MapBoxViewController.m */; };
		83945BC318E1BAFB00C0837E /* MapBoxView.m in Sources */ = {isa = PBXBuildFile; fileRef = 83945BC218E1BAFB00C0837E /* MapBoxView.m */; };
		83945BC618E1CCBC00C0837E /* SideBarView.m in Sources */ = {isa = PBXBuildFile; fileRef = 83945BC518E1CCBC00C0837E /* SideBarView.m */; };
		83CEE51518E587B400AC64C9 /* CoreLocation.framework in Frameworks */ = {isa = PBXBuildFile; fileRef = 83CEE51418E587B400AC64C9 /* CoreLocation.framework */; };
		83DED82B18E21BA3008B88D4 /* StartschermViewController.m in Sources */ = {isa = PBXBuildFile; fileRef = 83DED82A18E21BA3008B88D4 /* StartschermViewController.m */; };
		83DED82E18E21BBF008B88D4 /* StartSchermView.m in Sources */ = {isa = PBXBuildFile; fileRef = 83DED82D18E21BBF008B88D4 /* StartSchermView.m */; };
		83DED83318E30C33008B88D4 /* MediaPlayer.framework in Frameworks */ = {isa = PBXBuildFile; fileRef = 83DED83218E30C33008B88D4 /* MediaPlayer.framework */; };
		83F7ED8C18E1B8D900D8A069 /* Foundation.framework in Frameworks */ = {isa = PBXBuildFile; fileRef = 83F7ED8B18E1B8D900D8A069 /* Foundation.framework */; };
		83F7ED8E18E1B8D900D8A069 /* CoreGraphics.framework in Frameworks */ = {isa = PBXBuildFile; fileRef = 83F7ED8D18E1B8D900D8A069 /* CoreGraphics.framework */; };
		83F7ED9018E1B8D900D8A069 /* UIKit.framework in Frameworks */ = {isa = PBXBuildFile; fileRef = 83F7ED8F18E1B8D900D8A069 /* UIKit.framework */; };
		83F7ED9618E1B8D900D8A069 /* InfoPlist.strings in Resources */ = {isa = PBXBuildFile; fileRef = 83F7ED9418E1B8D900D8A069 /* InfoPlist.strings */; };
		83F7ED9818E1B8D900D8A069 /* main.m in Sources */ = {isa = PBXBuildFile; fileRef = 83F7ED9718E1B8D900D8A069 /* main.m */; };
		83F7ED9C18E1B8D900D8A069 /* AppDelegate.m in Sources */ = {isa = PBXBuildFile; fileRef = 83F7ED9B18E1B8D900D8A069 /* AppDelegate.m */; };
		83F7ED9E18E1B8D900D8A069 /* Images.xcassets in Resources */ = {isa = PBXBuildFile; fileRef = 83F7ED9D18E1B8D900D8A069 /* Images.xcassets */; };
		83F7EDA518E1B8D900D8A069 /* XCTest.framework in Frameworks */ = {isa = PBXBuildFile; fileRef = 83F7EDA418E1B8D900D8A069 /* XCTest.framework */; };
		83F7EDA618E1B8D900D8A069 /* Foundation.framework in Frameworks */ = {isa = PBXBuildFile; fileRef = 83F7ED8B18E1B8D900D8A069 /* Foundation.framework */; };
		83F7EDA718E1B8D900D8A069 /* UIKit.framework in Frameworks */ = {isa = PBXBuildFile; fileRef = 83F7ED8F18E1B8D900D8A069 /* UIKit.framework */; };
		83F7EDAF18E1B8D900D8A069 /* InfoPlist.strings in Resources */ = {isa = PBXBuildFile; fileRef = 83F7EDAD18E1B8D900D8A069 /* InfoPlist.strings */; };
		83F7EDB118E1B8D900D8A069 /* FlandersFieldsTEST1Tests.m in Sources */ = {isa = PBXBuildFile; fileRef = 83F7EDB018E1B8D900D8A069 /* FlandersFieldsTEST1Tests.m */; };
/* End PBXBuildFile section */

/* Begin PBXContainerItemProxy section */
		83F7EDA818E1B8D900D8A069 /* PBXContainerItemProxy */ = {
			isa = PBXContainerItemProxy;
			containerPortal = 83F7ED8018E1B8D900D8A069 /* Project object */;
			proxyType = 1;
			remoteGlobalIDString = 83F7ED8718E1B8D900D8A069;
			remoteInfo = FlandersFieldsTEST1;
		};
/* End PBXContainerItemProxy section */

/* Begin PBXFileReference section */
		2134299DD9864F9B961F9961 /* Pods.xcconfig */ = {isa = PBXFileReference; includeInIndex = 1; lastKnownFileType = text.xcconfig; name = Pods.xcconfig; path = Pods/Pods.xcconfig; sourceTree = "<group>"; };
		2CE04679DB134EF0ABD1C219 /* libPods.a */ = {isa = PBXFileReference; explicitFileType = archive.ar; includeInIndex = 0; path = libPods.a; sourceTree = BUILT_PRODUCTS_DIR; };
		778CA90C18E4C99A0057C631 /* MeterView.h */ = {isa = PBXFileReference; fileEncoding = 4; lastKnownFileType = sourcecode.c.h; path = MeterView.h; sourceTree = "<group>"; };
		778CA90D18E4C99A0057C631 /* MeterView.m */ = {isa = PBXFileReference; fileEncoding = 4; lastKnownFileType = sourcecode.c.objc; path = MeterView.m; sourceTree = "<group>"; };
		778CA90F18E4E5240057C631 /* BadgeView.h */ = {isa = PBXFileReference; fileEncoding = 4; lastKnownFileType = sourcecode.c.h; path = BadgeView.h; sourceTree = "<group>"; };
		778CA91018E4E5240057C631 /* BadgeView.m */ = {isa = PBXFileReference; fileEncoding = 4; lastKnownFileType = sourcecode.c.objc; path = BadgeView.m; sourceTree = "<group>"; };
		778CA91218E501990057C631 /* AnnotationPoint.h */ = {isa = PBXFileReference; fileEncoding = 4; lastKnownFileType = sourcecode.c.h; path = AnnotationPoint.h; sourceTree = "<group>"; };
		778CA91318E501990057C631 /* AnnotationPoint.m */ = {isa = PBXFileReference; fileEncoding = 4; lastKnownFileType = sourcecode.c.objc; path = AnnotationPoint.m; sourceTree = "<group>"; };
		778CA91518E502DA0057C631 /* AnnotationPointFactory.h */ = {isa = PBXFileReference; fileEncoding = 4; lastKnownFileType = sourcecode.c.h; path = AnnotationPointFactory.h; sourceTree = "<group>"; };
		778CA91618E502DA0057C631 /* AnnotationPointFactory.m */ = {isa = PBXFileReference; fileEncoding = 4; lastKnownFileType = sourcecode.c.objc; path = AnnotationPointFactory.m; sourceTree = "<group>"; };
		778CA91A18E57BC10057C631 /* Aleo-Regular.otf */ = {isa = PBXFileReference; lastKnownFileType = file; name = "Aleo-Regular.otf"; path = "fonts/Aleo-Regular.otf"; sourceTree = "<group>"; };
		778CA91B18E57BC20057C631 /* AWConquerorSlab-Light.otf */ = {isa = PBXFileReference; lastKnownFileType = file; name = "AWConquerorSlab-Light.otf"; path = "fonts/AWConquerorSlab-Light.otf"; sourceTree = "<group>"; };
		778CA91C18E57BC20057C631 /* governor.ttf */ = {isa = PBXFileReference; lastKnownFileType = file; name = governor.ttf; path = fonts/governor.ttf; sourceTree = "<group>"; };
		83945BBE18E1BAE600C0837E /* MapBoxViewController.h */ = {isa = PBXFileReference; fileEncoding = 4; lastKnownFileType = sourcecode.c.h; path = MapBoxViewController.h; sourceTree = "<group>"; };
		83945BBF18E1BAE600C0837E /* MapBoxViewController.m */ = {isa = PBXFileReference; fileEncoding = 4; lastKnownFileType = sourcecode.c.objc; path = MapBoxViewController.m; sourceTree = "<group>"; };
		83945BC118E1BAFB00C0837E /* MapBoxView.h */ = {isa = PBXFileReference; fileEncoding = 4; lastKnownFileType = sourcecode.c.h; path = MapBoxView.h; sourceTree = "<group>"; };
		83945BC218E1BAFB00C0837E /* MapBoxView.m */ = {isa = PBXFileReference; fileEncoding = 4; lastKnownFileType = sourcecode.c.objc; path = MapBoxView.m; sourceTree = "<group>"; };
		83945BC418E1CCBC00C0837E /* SideBarView.h */ = {isa = PBXFileReference; fileEncoding = 4; lastKnownFileType = sourcecode.c.h; path = SideBarView.h; sourceTree = "<group>"; };
		83945BC518E1CCBC00C0837E /* SideBarView.m */ = {isa = PBXFileReference; fileEncoding = 4; lastKnownFileType = sourcecode.c.objc; path = SideBarView.m; sourceTree = "<group>"; };
		83CEE51418E587B400AC64C9 /* CoreLocation.framework */ = {isa = PBXFileReference; lastKnownFileType = wrapper.framework; name = CoreLocation.framework; path = System/Library/Frameworks/CoreLocation.framework; sourceTree = SDKROOT; };
		83DED82918E21BA3008B88D4 /* StartschermViewController.h */ = {isa = PBXFileReference; fileEncoding = 4; lastKnownFileType = sourcecode.c.h; path = StartschermViewController.h; sourceTree = "<group>"; };
		83DED82A18E21BA3008B88D4 /* StartschermViewController.m */ = {isa = PBXFileReference; fileEncoding = 4; lastKnownFileType = sourcecode.c.objc; path = StartschermViewController.m; sourceTree = "<group>"; };
		83DED82C18E21BBF008B88D4 /* StartSchermView.h */ = {isa = PBXFileReference; fileEncoding = 4; lastKnownFileType = sourcecode.c.h; path = StartSchermView.h; sourceTree = "<group>"; };
		83DED82D18E21BBF008B88D4 /* StartSchermView.m */ = {isa = PBXFileReference; fileEncoding = 4; lastKnownFileType = sourcecode.c.objc; path = StartSchermView.m; sourceTree = "<group>"; };
		83DED83218E30C33008B88D4 /* MediaPlayer.framework */ = {isa = PBXFileReference; lastKnownFileType = wrapper.framework; name = MediaPlayer.framework; path = System/Library/Frameworks/MediaPlayer.framework; sourceTree = SDKROOT; };
		83F7ED8818E1B8D900D8A069 /* FlandersFieldsTEST1.app */ = {isa = PBXFileReference; explicitFileType = wrapper.application; includeInIndex = 0; path = FlandersFieldsTEST1.app; sourceTree = BUILT_PRODUCTS_DIR; };
		83F7ED8B18E1B8D900D8A069 /* Foundation.framework */ = {isa = PBXFileReference; lastKnownFileType = wrapper.framework; name = Foundation.framework; path = System/Library/Frameworks/Foundation.framework; sourceTree = SDKROOT; };
		83F7ED8D18E1B8D900D8A069 /* CoreGraphics.framework */ = {isa = PBXFileReference; lastKnownFileType = wrapper.framework; name = CoreGraphics.framework; path = System/Library/Frameworks/CoreGraphics.framework; sourceTree = SDKROOT; };
		83F7ED8F18E1B8D900D8A069 /* UIKit.framework */ = {isa = PBXFileReference; lastKnownFileType = wrapper.framework; name = UIKit.framework; path = System/Library/Frameworks/UIKit.framework; sourceTree = SDKROOT; };
		83F7ED9318E1B8D900D8A069 /* FlandersFieldsTEST1-Info.plist */ = {isa = PBXFileReference; lastKnownFileType = text.plist.xml; path = "FlandersFieldsTEST1-Info.plist"; sourceTree = "<group>"; };
		83F7ED9518E1B8D900D8A069 /* en */ = {isa = PBXFileReference; lastKnownFileType = text.plist.strings; name = en; path = en.lproj/InfoPlist.strings; sourceTree = "<group>"; };
		83F7ED9718E1B8D900D8A069 /* main.m */ = {isa = PBXFileReference; lastKnownFileType = sourcecode.c.objc; path = main.m; sourceTree = "<group>"; };
		83F7ED9918E1B8D900D8A069 /* FlandersFieldsTEST1-Prefix.pch */ = {isa = PBXFileReference; lastKnownFileType = sourcecode.c.h; path = "FlandersFieldsTEST1-Prefix.pch"; sourceTree = "<group>"; };
		83F7ED9A18E1B8D900D8A069 /* AppDelegate.h */ = {isa = PBXFileReference; lastKnownFileType = sourcecode.c.h; path = AppDelegate.h; sourceTree = "<group>"; };
		83F7ED9B18E1B8D900D8A069 /* AppDelegate.m */ = {isa = PBXFileReference; lastKnownFileType = sourcecode.c.objc; path = AppDelegate.m; sourceTree = "<group>"; };
		83F7ED9D18E1B8D900D8A069 /* Images.xcassets */ = {isa = PBXFileReference; lastKnownFileType = folder.assetcatalog; path = Images.xcassets; sourceTree = "<group>"; };
		83F7EDA318E1B8D900D8A069 /* FlandersFieldsTEST1Tests.xctest */ = {isa = PBXFileReference; explicitFileType = wrapper.cfbundle; includeInIndex = 0; path = FlandersFieldsTEST1Tests.xctest; sourceTree = BUILT_PRODUCTS_DIR; };
		83F7EDA418E1B8D900D8A069 /* XCTest.framework */ = {isa = PBXFileReference; lastKnownFileType = wrapper.framework; name = XCTest.framework; path = Library/Frameworks/XCTest.framework; sourceTree = DEVELOPER_DIR; };
		83F7EDAC18E1B8D900D8A069 /* FlandersFieldsTEST1Tests-Info.plist */ = {isa = PBXFileReference; lastKnownFileType = text.plist.xml; path = "FlandersFieldsTEST1Tests-Info.plist"; sourceTree = "<group>"; };
		83F7EDAE18E1B8D900D8A069 /* en */ = {isa = PBXFileReference; lastKnownFileType = text.plist.strings; name = en; path = en.lproj/InfoPlist.strings; sourceTree = "<group>"; };
		83F7EDB018E1B8D900D8A069 /* FlandersFieldsTEST1Tests.m */ = {isa = PBXFileReference; lastKnownFileType = sourcecode.c.objc; path = FlandersFieldsTEST1Tests.m; sourceTree = "<group>"; };
/* End PBXFileReference section */

/* Begin PBXFrameworksBuildPhase section */
		83F7ED8518E1B8D900D8A069 /* Frameworks */ = {
			isa = PBXFrameworksBuildPhase;
			buildActionMask = 2147483647;
			files = (
				83CEE51518E587B400AC64C9 /* CoreLocation.framework in Frameworks */,
				83DED83318E30C33008B88D4 /* MediaPlayer.framework in Frameworks */,
				83F7ED8E18E1B8D900D8A069 /* CoreGraphics.framework in Frameworks */,
				83F7ED9018E1B8D900D8A069 /* UIKit.framework in Frameworks */,
				83F7ED8C18E1B8D900D8A069 /* Foundation.framework in Frameworks */,
				03B61A9E599E4F1C9571BC1A /* libPods.a in Frameworks */,
			);
			runOnlyForDeploymentPostprocessing = 0;
		};
		83F7EDA018E1B8D900D8A069 /* Frameworks */ = {
			isa = PBXFrameworksBuildPhase;
			buildActionMask = 2147483647;
			files = (
				83F7EDA518E1B8D900D8A069 /* XCTest.framework in Frameworks */,
				83F7EDA718E1B8D900D8A069 /* UIKit.framework in Frameworks */,
				83F7EDA618E1B8D900D8A069 /* Foundation.framework in Frameworks */,
			);
			runOnlyForDeploymentPostprocessing = 0;
		};
/* End PBXFrameworksBuildPhase section */

/* Begin PBXGroup section */
		83D88D4818E479F2007BCC55 /* Resources */ = {
			isa = PBXGroup;
			children = (
				778CA91A18E57BC10057C631 /* Aleo-Regular.otf */,
				778CA91B18E57BC20057C631 /* AWConquerorSlab-Light.otf */,
				778CA91C18E57BC20057C631 /* governor.ttf */,
			);
			name = Resources;
			sourceTree = "<group>";
		};
		83DED82F18E21BC5008B88D4 /* start */ = {
			isa = PBXGroup;
			children = (
				83DED82918E21BA3008B88D4 /* StartschermViewController.h */,
				83DED82A18E21BA3008B88D4 /* StartschermViewController.m */,
				83DED82C18E21BBF008B88D4 /* StartSchermView.h */,
				83DED82D18E21BBF008B88D4 /* StartSchermView.m */,
			);
			name = start;
			sourceTree = "<group>";
		};
		83DED83018E21BD4008B88D4 /* Mapbox */ = {
			isa = PBXGroup;
			children = (
				83945BBE18E1BAE600C0837E /* MapBoxViewController.h */,
				83945BBF18E1BAE600C0837E /* MapBoxViewController.m */,
				83945BC118E1BAFB00C0837E /* MapBoxView.h */,
				83945BC218E1BAFB00C0837E /* MapBoxView.m */,
			);
			name = Mapbox;
			sourceTree = "<group>";
		};
		83DED83118E21BE4008B88D4 /* SideBar */ = {
			isa = PBXGroup;
			children = (
				83945BC418E1CCBC00C0837E /* SideBarView.h */,
				83945BC518E1CCBC00C0837E /* SideBarView.m */,
				778CA90C18E4C99A0057C631 /* MeterView.h */,
				778CA90D18E4C99A0057C631 /* MeterView.m */,
				778CA90F18E4E5240057C631 /* BadgeView.h */,
				778CA91018E4E5240057C631 /* BadgeView.m */,
			);
			name = SideBar;
			sourceTree = "<group>";
		};
		83F7ED7F18E1B8D900D8A069 = {
			isa = PBXGroup;
			children = (
				83F7ED9118E1B8D900D8A069 /* FlandersFieldsTEST1 */,
				83F7EDAA18E1B8D900D8A069 /* FlandersFieldsTEST1Tests */,
				83F7ED8A18E1B8D900D8A069 /* Frameworks */,
				83F7ED8918E1B8D900D8A069 /* Products */,
				2134299DD9864F9B961F9961 /* Pods.xcconfig */,
			);
			sourceTree = "<group>";
		};
		83F7ED8918E1B8D900D8A069 /* Products */ = {
			isa = PBXGroup;
			children = (
				83F7ED8818E1B8D900D8A069 /* FlandersFieldsTEST1.app */,
				83F7EDA318E1B8D900D8A069 /* FlandersFieldsTEST1Tests.xctest */,
			);
			name = Products;
			sourceTree = "<group>";
		};
		83F7ED8A18E1B8D900D8A069 /* Frameworks */ = {
			isa = PBXGroup;
			children = (
				83CEE51418E587B400AC64C9 /* CoreLocation.framework */,
				83DED83218E30C33008B88D4 /* MediaPlayer.framework */,
				83F7ED8B18E1B8D900D8A069 /* Foundation.framework */,
				83F7ED8D18E1B8D900D8A069 /* CoreGraphics.framework */,
				83F7ED8F18E1B8D900D8A069 /* UIKit.framework */,
				83F7EDA418E1B8D900D8A069 /* XCTest.framework */,
				2CE04679DB134EF0ABD1C219 /* libPods.a */,
			);
			name = Frameworks;
			sourceTree = "<group>";
		};
		83F7ED9118E1B8D900D8A069 /* FlandersFieldsTEST1 */ = {
			isa = PBXGroup;
			children = (
				83D88D4818E479F2007BCC55 /* Resources */,
				83F7ED9A18E1B8D900D8A069 /* AppDelegate.h */,
				83F7ED9B18E1B8D900D8A069 /* AppDelegate.m */,
				83F7ED9D18E1B8D900D8A069 /* Images.xcassets */,
				83F7ED9218E1B8D900D8A069 /* Supporting Files */,
				83DED82F18E21BC5008B88D4 /* start */,
				83DED83018E21BD4008B88D4 /* Mapbox */,
				83DED83118E21BE4008B88D4 /* SideBar */,
				778CA91218E501990057C631 /* AnnotationPoint.h */,
				778CA91318E501990057C631 /* AnnotationPoint.m */,
				778CA91518E502DA0057C631 /* AnnotationPointFactory.h */,
				778CA91618E502DA0057C631 /* AnnotationPointFactory.m */,
			);
			path = FlandersFieldsTEST1;
			sourceTree = "<group>";
		};
		83F7ED9218E1B8D900D8A069 /* Supporting Files */ = {
			isa = PBXGroup;
			children = (
				83F7ED9318E1B8D900D8A069 /* FlandersFieldsTEST1-Info.plist */,
				83F7ED9418E1B8D900D8A069 /* InfoPlist.strings */,
				83F7ED9718E1B8D900D8A069 /* main.m */,
				83F7ED9918E1B8D900D8A069 /* FlandersFieldsTEST1-Prefix.pch */,
			);
			name = "Supporting Files";
			sourceTree = "<group>";
		};
		83F7EDAA18E1B8D900D8A069 /* FlandersFieldsTEST1Tests */ = {
			isa = PBXGroup;
			children = (
				83F7EDB018E1B8D900D8A069 /* FlandersFieldsTEST1Tests.m */,
				83F7EDAB18E1B8D900D8A069 /* Supporting Files */,
			);
			path = FlandersFieldsTEST1Tests;
			sourceTree = "<group>";
		};
		83F7EDAB18E1B8D900D8A069 /* Supporting Files */ = {
			isa = PBXGroup;
			children = (
				83F7EDAC18E1B8D900D8A069 /* FlandersFieldsTEST1Tests-Info.plist */,
				83F7EDAD18E1B8D900D8A069 /* InfoPlist.strings */,
			);
			name = "Supporting Files";
			sourceTree = "<group>";
		};
/* End PBXGroup section */

/* Begin PBXNativeTarget section */
		83F7ED8718E1B8D900D8A069 /* FlandersFieldsTEST1 */ = {
			isa = PBXNativeTarget;
			buildConfigurationList = 83F7EDB418E1B8D900D8A069 /* Build configuration list for PBXNativeTarget "FlandersFieldsTEST1" */;
			buildPhases = (
				EB5A9CBF517A42E980022D0F /* Check Pods Manifest.lock */,
				83F7ED8418E1B8D900D8A069 /* Sources */,
				83F7ED8518E1B8D900D8A069 /* Frameworks */,
				83F7ED8618E1B8D900D8A069 /* Resources */,
				9FCE5D78823D48BAA018F397 /* Copy Pods Resources */,
			);
			buildRules = (
			);
			dependencies = (
			);
			name = FlandersFieldsTEST1;
			productName = FlandersFieldsTEST1;
			productReference = 83F7ED8818E1B8D900D8A069 /* FlandersFieldsTEST1.app */;
			productType = "com.apple.product-type.application";
		};
		83F7EDA218E1B8D900D8A069 /* FlandersFieldsTEST1Tests */ = {
			isa = PBXNativeTarget;
			buildConfigurationList = 83F7EDB718E1B8D900D8A069 /* Build configuration list for PBXNativeTarget "FlandersFieldsTEST1Tests" */;
			buildPhases = (
				83F7ED9F18E1B8D900D8A069 /* Sources */,
				83F7EDA018E1B8D900D8A069 /* Frameworks */,
				83F7EDA118E1B8D900D8A069 /* Resources */,
			);
			buildRules = (
			);
			dependencies = (
				83F7EDA918E1B8D900D8A069 /* PBXTargetDependency */,
			);
			name = FlandersFieldsTEST1Tests;
			productName = FlandersFieldsTEST1Tests;
			productReference = 83F7EDA318E1B8D900D8A069 /* FlandersFieldsTEST1Tests.xctest */;
			productType = "com.apple.product-type.bundle.unit-test";
		};
/* End PBXNativeTarget section */

/* Begin PBXProject section */
		83F7ED8018E1B8D900D8A069 /* Project object */ = {
			isa = PBXProject;
			attributes = {
				LastUpgradeCheck = 0510;
				ORGANIZATIONNAME = "Renaat Stuijk";
				TargetAttributes = {
					83F7ED8718E1B8D900D8A069 = {
						DevelopmentTeam = 9RZW73LTB7;
					};
					83F7EDA218E1B8D900D8A069 = {
						TestTargetID = 83F7ED8718E1B8D900D8A069;
					};
				};
			};
			buildConfigurationList = 83F7ED8318E1B8D900D8A069 /* Build configuration list for PBXProject "FlandersFieldsTEST1" */;
			compatibilityVersion = "Xcode 3.2";
			developmentRegion = English;
			hasScannedForEncodings = 0;
			knownRegions = (
				en,
			);
			mainGroup = 83F7ED7F18E1B8D900D8A069;
			productRefGroup = 83F7ED8918E1B8D900D8A069 /* Products */;
			projectDirPath = "";
			projectRoot = "";
			targets = (
				83F7ED8718E1B8D900D8A069 /* FlandersFieldsTEST1 */,
				83F7EDA218E1B8D900D8A069 /* FlandersFieldsTEST1Tests */,
			);
		};
/* End PBXProject section */

/* Begin PBXResourcesBuildPhase section */
		83F7ED8618E1B8D900D8A069 /* Resources */ = {
			isa = PBXResourcesBuildPhase;
			buildActionMask = 2147483647;
			files = (
				83F7ED9618E1B8D900D8A069 /* InfoPlist.strings in Resources */,
				83F7ED9E18E1B8D900D8A069 /* Images.xcassets in Resources */,
			);
			runOnlyForDeploymentPostprocessing = 0;
		};
		83F7EDA118E1B8D900D8A069 /* Resources */ = {
			isa = PBXResourcesBuildPhase;
			buildActionMask = 2147483647;
			files = (
				83F7EDAF18E1B8D900D8A069 /* InfoPlist.strings in Resources */,
			);
			runOnlyForDeploymentPostprocessing = 0;
		};
/* End PBXResourcesBuildPhase section */

/* Begin PBXShellScriptBuildPhase section */
		9FCE5D78823D48BAA018F397 /* Copy Pods Resources */ = {
			isa = PBXShellScriptBuildPhase;
			buildActionMask = 2147483647;
			files = (
			);
			inputPaths = (
			);
			name = "Copy Pods Resources";
			outputPaths = (
			);
			runOnlyForDeploymentPostprocessing = 0;
			shellPath = /bin/sh;
			shellScript = "\"${SRCROOT}/Pods/Pods-resources.sh\"\n";
			showEnvVarsInLog = 0;
		};
		EB5A9CBF517A42E980022D0F /* Check Pods Manifest.lock */ = {
			isa = PBXShellScriptBuildPhase;
			buildActionMask = 2147483647;
			files = (
			);
			inputPaths = (
			);
			name = "Check Pods Manifest.lock";
			outputPaths = (
			);
			runOnlyForDeploymentPostprocessing = 0;
			shellPath = /bin/sh;
			shellScript = "diff \"${PODS_ROOT}/../Podfile.lock\" \"${PODS_ROOT}/Manifest.lock\" > /dev/null\nif [[ $? != 0 ]] ; then\n    cat << EOM\nerror: The sandbox is not in sync with the Podfile.lock. Run 'pod install' or update your CocoaPods installation.\nEOM\n    exit 1\nfi\n";
			showEnvVarsInLog = 0;
		};
/* End PBXShellScriptBuildPhase section */

/* Begin PBXSourcesBuildPhase section */
		83F7ED8418E1B8D900D8A069 /* Sources */ = {
			isa = PBXSourcesBuildPhase;
			buildActionMask = 2147483647;
			files = (
				778CA91718E502DA0057C631 /* AnnotationPointFactory.m in Sources */,
				83945BC018E1BAE600C0837E /* MapBoxViewController.m in Sources */,
				83945BC318E1BAFB00C0837E /* MapBoxView.m in Sources */,
				83F7ED9C18E1B8D900D8A069 /* AppDelegate.m in Sources */,
				83F7ED9818E1B8D900D8A069 /* main.m in Sources */,
				778CA91118E4E5240057C631 /* BadgeView.m in Sources */,
				83DED82B18E21BA3008B88D4 /* StartschermViewController.m in Sources */,
				83945BC618E1CCBC00C0837E /* SideBarView.m in Sources */,
				778CA91418E501990057C631 /* AnnotationPoint.m in Sources */,
				778CA90E18E4C99A0057C631 /* MeterView.m in Sources */,
				83DED82E18E21BBF008B88D4 /* StartSchermView.m in Sources */,
			);
			runOnlyForDeploymentPostprocessing = 0;
		};
		83F7ED9F18E1B8D900D8A069 /* Sources */ = {
			isa = PBXSourcesBuildPhase;
			buildActionMask = 2147483647;
			files = (
				83F7EDB118E1B8D900D8A069 /* FlandersFieldsTEST1Tests.m in Sources */,
			);
			runOnlyForDeploymentPostprocessing = 0;
		};
/* End PBXSourcesBuildPhase section */

/* Begin PBXTargetDependency section */
		83F7EDA918E1B8D900D8A069 /* PBXTargetDependency */ = {
			isa = PBXTargetDependency;
			target = 83F7ED8718E1B8D900D8A069 /* FlandersFieldsTEST1 */;
			targetProxy = 83F7EDA818E1B8D900D8A069 /* PBXContainerItemProxy */;
		};
/* End PBXTargetDependency section */

/* Begin PBXVariantGroup section */
		83F7ED9418E1B8D900D8A069 /* InfoPlist.strings */ = {
			isa = PBXVariantGroup;
			children = (
				83F7ED9518E1B8D900D8A069 /* en */,
			);
			name = InfoPlist.strings;
			sourceTree = "<group>";
		};
		83F7EDAD18E1B8D900D8A069 /* InfoPlist.strings */ = {
			isa = PBXVariantGroup;
			children = (
				83F7EDAE18E1B8D900D8A069 /* en */,
			);
			name = InfoPlist.strings;
			sourceTree = "<group>";
		};
/* End PBXVariantGroup section */

/* Begin XCBuildConfiguration section */
		83F7EDB218E1B8D900D8A069 /* Debug */ = {
			isa = XCBuildConfiguration;
			buildSettings = {
				ALWAYS_SEARCH_USER_PATHS = NO;
				CLANG_CXX_LANGUAGE_STANDARD = "gnu++0x";
				CLANG_CXX_LIBRARY = "libc++";
				CLANG_ENABLE_MODULES = YES;
				CLANG_ENABLE_OBJC_ARC = YES;
				CLANG_WARN_BOOL_CONVERSION = YES;
				CLANG_WARN_CONSTANT_CONVERSION = YES;
				CLANG_WARN_DIRECT_OBJC_ISA_USAGE = YES_ERROR;
				CLANG_WARN_EMPTY_BODY = YES;
				CLANG_WARN_ENUM_CONVERSION = YES;
				CLANG_WARN_INT_CONVERSION = YES;
				CLANG_WARN_OBJC_ROOT_CLASS = YES_ERROR;
				CLANG_WARN__DUPLICATE_METHOD_MATCH = YES;
				"CODE_SIGN_IDENTITY[sdk=iphoneos*]" = "iPhone Developer";
				COPY_PHASE_STRIP = NO;
				GCC_C_LANGUAGE_STANDARD = gnu99;
				GCC_DYNAMIC_NO_PIC = NO;
				GCC_OPTIMIZATION_LEVEL = 0;
				GCC_PREPROCESSOR_DEFINITIONS = (
					"DEBUG=1",
					"$(inherited)",
				);
				GCC_SYMBOLS_PRIVATE_EXTERN = NO;
				GCC_WARN_64_TO_32_BIT_CONVERSION = YES;
				GCC_WARN_ABOUT_RETURN_TYPE = YES_ERROR;
				GCC_WARN_UNDECLARED_SELECTOR = YES;
				GCC_WARN_UNINITIALIZED_AUTOS = YES_AGGRESSIVE;
				GCC_WARN_UNUSED_FUNCTION = YES;
				GCC_WARN_UNUSED_VARIABLE = YES;
				IPHONEOS_DEPLOYMENT_TARGET = 7.0;
				ONLY_ACTIVE_ARCH = YES;
				SDKROOT = iphoneos;
				TARGETED_DEVICE_FAMILY = 2;
			};
			name = Debug;
		};
		83F7EDB318E1B8D900D8A069 /* Release */ = {
			isa = XCBuildConfiguration;
			buildSettings = {
				ALWAYS_SEARCH_USER_PATHS = NO;
				CLANG_CXX_LANGUAGE_STANDARD = "gnu++0x";
				CLANG_CXX_LIBRARY = "libc++";
				CLANG_ENABLE_MODULES = YES;
				CLANG_ENABLE_OBJC_ARC = YES;
				CLANG_WARN_BOOL_CONVERSION = YES;
				CLANG_WARN_CONSTANT_CONVERSION = YES;
				CLANG_WARN_DIRECT_OBJC_ISA_USAGE = YES_ERROR;
				CLANG_WARN_EMPTY_BODY = YES;
				CLANG_WARN_ENUM_CONVERSION = YES;
				CLANG_WARN_INT_CONVERSION = YES;
				CLANG_WARN_OBJC_ROOT_CLASS = YES_ERROR;
				CLANG_WARN__DUPLICATE_METHOD_MATCH = YES;
				"CODE_SIGN_IDENTITY[sdk=iphoneos*]" = "iPhone Developer";
				COPY_PHASE_STRIP = YES;
				ENABLE_NS_ASSERTIONS = NO;
				GCC_C_LANGUAGE_STANDARD = gnu99;
				GCC_WARN_64_TO_32_BIT_CONVERSION = YES;
				GCC_WARN_ABOUT_RETURN_TYPE = YES_ERROR;
				GCC_WARN_UNDECLARED_SELECTOR = YES;
				GCC_WARN_UNINITIALIZED_AUTOS = YES_AGGRESSIVE;
				GCC_WARN_UNUSED_FUNCTION = YES;
				GCC_WARN_UNUSED_VARIABLE = YES;
				IPHONEOS_DEPLOYMENT_TARGET = 7.0;
				ONLY_ACTIVE_ARCH = YES;
				SDKROOT = iphoneos;
				TARGETED_DEVICE_FAMILY = 2;
				VALIDATE_PRODUCT = YES;
			};
			name = Release;
		};
		83F7EDB518E1B8D900D8A069 /* Debug */ = {
			isa = XCBuildConfiguration;
			baseConfigurationReference = 2134299DD9864F9B961F9961 /* Pods.xcconfig */;
			buildSettings = {
				ASSETCATALOG_COMPILER_APPICON_NAME = AppIcon;
				ASSETCATALOG_COMPILER_LAUNCHIMAGE_NAME = LaunchImage;
				CODE_SIGN_IDENTITY = "iPhone Developer: tom n.v. (S3S87W5VB5)";
				"CODE_SIGN_IDENTITY[sdk=*]" = "";
				GCC_PRECOMPILE_PREFIX_HEADER = YES;
				GCC_PREFIX_HEADER = "FlandersFieldsTEST1/FlandersFieldsTEST1-Prefix.pch";
				INFOPLIST_FILE = "FlandersFieldsTEST1/FlandersFieldsTEST1-Info.plist";
				PRODUCT_NAME = "$(TARGET_NAME)";
				PROVISIONING_PROFILE = "1D3AC3E3-E979-4803-B490-E16361D653FC";
				TARGETED_DEVICE_FAMILY = 2;
				WRAPPER_EXTENSION = app;
			};
			name = Debug;
		};
		83F7EDB618E1B8D900D8A069 /* Release */ = {
			isa = XCBuildConfiguration;
			baseConfigurationReference = 2134299DD9864F9B961F9961 /* Pods.xcconfig */;
			buildSettings = {
				ASSETCATALOG_COMPILER_APPICON_NAME = AppIcon;
				ASSETCATALOG_COMPILER_LAUNCHIMAGE_NAME = LaunchImage;
				CODE_SIGN_IDENTITY = "iPhone Developer: tom n.v. (S3S87W5VB5)";
				"CODE_SIGN_IDENTITY[sdk=*]" = "";
				GCC_PRECOMPILE_PREFIX_HEADER = YES;
				GCC_PREFIX_HEADER = "FlandersFieldsTEST1/FlandersFieldsTEST1-Prefix.pch";
				INFOPLIST_FILE = "FlandersFieldsTEST1/FlandersFieldsTEST1-Info.plist";
				PRODUCT_NAME = "$(TARGET_NAME)";
				PROVISIONING_PROFILE = "1D3AC3E3-E979-4803-B490-E16361D653FC";
				TARGETED_DEVICE_FAMILY = 2;
				WRAPPER_EXTENSION = app;
			};
			name = Release;
		};
		83F7EDB818E1B8D900D8A069 /* Debug */ = {
			isa = XCBuildConfiguration;
			buildSettings = {
				BUNDLE_LOADER = "$(BUILT_PRODUCTS_DIR)/FlandersFieldsTEST1.app/FlandersFieldsTEST1";
				FRAMEWORK_SEARCH_PATHS = (
					"$(SDKROOT)/Developer/Library/Frameworks",
					"$(inherited)",
					"$(DEVELOPER_FRAMEWORKS_DIR)",
				);
				GCC_PRECOMPILE_PREFIX_HEADER = YES;
				GCC_PREFIX_HEADER = "FlandersFieldsTEST1/FlandersFieldsTEST1-Prefix.pch";
				GCC_PREPROCESSOR_DEFINITIONS = (
					"DEBUG=1",
					"$(inherited)",
				);
				INFOPLIST_FILE = "FlandersFieldsTEST1Tests/FlandersFieldsTEST1Tests-Info.plist";
				PRODUCT_NAME = "$(TARGET_NAME)";
				TEST_HOST = "$(BUNDLE_LOADER)";
				WRAPPER_EXTENSION = xctest;
			};
			name = Debug;
		};
		83F7EDB918E1B8D900D8A069 /* Release */ = {
			isa = XCBuildConfiguration;
			buildSettings = {
				BUNDLE_LOADER = "$(BUILT_PRODUCTS_DIR)/FlandersFieldsTEST1.app/FlandersFieldsTEST1";
				FRAMEWORK_SEARCH_PATHS = (
					"$(SDKROOT)/Developer/Library/Frameworks",
					"$(inherited)",
					"$(DEVELOPER_FRAMEWORKS_DIR)",
				);
				GCC_PRECOMPILE_PREFIX_HEADER = YES;
				GCC_PREFIX_HEADER = "FlandersFieldsTEST1/FlandersFieldsTEST1-Prefix.pch";
				INFOPLIST_FILE = "FlandersFieldsTEST1Tests/FlandersFieldsTEST1Tests-Info.plist";
				PRODUCT_NAME = "$(TARGET_NAME)";
				TEST_HOST = "$(BUNDLE_LOADER)";
				WRAPPER_EXTENSION = xctest;
			};
			name = Release;
		};
/* End XCBuildConfiguration section */

/* Begin XCConfigurationList section */
		83F7ED8318E1B8D900D8A069 /* Build configuration list for PBXProject "FlandersFieldsTEST1" */ = {
			isa = XCConfigurationList;
			buildConfigurations = (
				83F7EDB218E1B8D900D8A069 /* Debug */,
				83F7EDB318E1B8D900D8A069 /* Release */,
			);
			defaultConfigurationIsVisible = 0;
			defaultConfigurationName = Release;
		};
		83F7EDB418E1B8D900D8A069 /* Build configuration list for PBXNativeTarget "FlandersFieldsTEST1" */ = {
			isa = XCConfigurationList;
			buildConfigurations = (
				83F7EDB518E1B8D900D8A069 /* Debug */,
				83F7EDB618E1B8D900D8A069 /* Release */,
			);
			defaultConfigurationIsVisible = 0;
			defaultConfigurationName = Release;
		};
		83F7EDB718E1B8D900D8A069 /* Build configuration list for PBXNativeTarget "FlandersFieldsTEST1Tests" */ = {
			isa = XCConfigurationList;
			buildConfigurations = (
				83F7EDB818E1B8D900D8A069 /* Debug */,
				83F7EDB918E1B8D900D8A069 /* Release */,
			);
			defaultConfigurationIsVisible = 0;
			defaultConfigurationName = Release;
		};
/* End XCConfigurationList section */
	};
	rootObject = 83F7ED8018E1B8D900D8A069 /* Project object */;
}
